// !$*UTF8*$!
{
	archiveVersion = 1;
	classes = {
	};
	objectVersion = 56;
	objects = {

/* Begin PBXBuildFile section */
		36D15EB32C63464400B98453 /* AppDelegate.swift in Sources */ = {isa = PBXBuildFile; fileRef = 36D15EB22C63464400B98453 /* AppDelegate.swift */; };
		36D15EB52C63464400B98453 /* SceneDelegate.swift in Sources */ = {isa = PBXBuildFile; fileRef = 36D15EB42C63464400B98453 /* SceneDelegate.swift */; };
		36D15EB72C63464400B98453 /* ViewController.swift in Sources */ = {isa = PBXBuildFile; fileRef = 36D15EB62C63464400B98453 /* ViewController.swift */; };
		36D15EBA2C63464400B98453 /* Base in Resources */ = {isa = PBXBuildFile; fileRef = 36D15EB92C63464400B98453 /* Base */; };
		36D15EBC2C63464500B98453 /* Assets.xcassets in Resources */ = {isa = PBXBuildFile; fileRef = 36D15EBB2C63464500B98453 /* Assets.xcassets */; };
		36D15EBF2C63464500B98453 /* Base in Resources */ = {isa = PBXBuildFile; fileRef = 36D15EBE2C63464500B98453 /* Base */; };
		36D15ECA2C63464500B98453 /* _111webTests.swift in Sources */ = {isa = PBXBuildFile; fileRef = 36D15EC92C63464500B98453 /* _111webTests.swift */; };
		36D15ED42C63464500B98453 /* _111webUITests.swift in Sources */ = {isa = PBXBuildFile; fileRef = 36D15ED32C63464500B98453 /* _111webUITests.swift */; };
		36D15ED62C63464500B98453 /* _111webUITestsLaunchTests.swift in Sources */ = {isa = PBXBuildFile; fileRef = 36D15ED52C63464500B98453 /* _111webUITestsLaunchTests.swift */; };
/* End PBXBuildFile section */

/* Begin PBXContainerItemProxy section */
		36D15EC62C63464500B98453 /* PBXContainerItemProxy */ = {
			isa = PBXContainerItemProxy;
			containerPortal = 36D15EA72C63464400B98453 /* Project object */;
			proxyType = 1;
			remoteGlobalIDString = 36D15EAE2C63464400B98453;
			remoteInfo = 1111web;
		};
		36D15ED02C63464500B98453 /* PBXContainerItemProxy */ = {
			isa = PBXContainerItemProxy;
			containerPortal = 36D15EA72C63464400B98453 /* Project object */;
			proxyType = 1;
			remoteGlobalIDString = 36D15EAE2C63464400B98453;
			remoteInfo = 1111web;
		};
/* End PBXContainerItemProxy section */

/* Begin PBXFileReference section */
		36D15EAF2C63464400B98453 /* 1111web.app */ = {isa = PBXFileReference; explicitFileType = wrapper.application; includeInIndex = 0; path = 1111web.app; sourceTree = BUILT_PRODUCTS_DIR; };
		36D15EB22C63464400B98453 /* AppDelegate.swift */ = {isa = PBXFileReference; lastKnownFileType = sourcecode.swift; path = AppDelegate.swift; sourceTree = "<group>"; };
		36D15EB42C63464400B98453 /* SceneDelegate.swift */ = {isa = PBXFileReference; lastKnownFileType = sourcecode.swift; path = SceneDelegate.swift; sourceTree = "<group>"; };
		36D15EB62C63464400B98453 /* ViewController.swift */ = {isa = PBXFileReference; lastKnownFileType = sourcecode.swift; path = ViewController.swift; sourceTree = "<group>"; };
		36D15EB92C63464400B98453 /* Base */ = {isa = PBXFileReference; lastKnownFileType = file.storyboard; name = Base; path = Base.lproj/Main.storyboard; sourceTree = "<group>"; };
		36D15EBB2C63464500B98453 /* Assets.xcassets */ = {isa = PBXFileReference; lastKnownFileType = folder.assetcatalog; path = Assets.xcassets; sourceTree = "<group>"; };
		36D15EBE2C63464500B98453 /* Base */ = {isa = PBXFileReference; lastKnownFileType = file.storyboard; name = Base; path = Base.lproj/LaunchScreen.storyboard; sourceTree = "<group>"; };
		36D15EC02C63464500B98453 /* Info.plist */ = {isa = PBXFileReference; lastKnownFileType = text.plist.xml; path = Info.plist; sourceTree = "<group>"; };
		36D15EC52C63464500B98453 /* 1111webTests.xctest */ = {isa = PBXFileReference; explicitFileType = wrapper.cfbundle; includeInIndex = 0; path = 1111webTests.xctest; sourceTree = BUILT_PRODUCTS_DIR; };
		36D15EC92C63464500B98453 /* _111webTests.swift */ = {isa = PBXFileReference; lastKnownFileType = sourcecode.swift; path = _111webTests.swift; sourceTree = "<group>"; };
		36D15ECF2C63464500B98453 /* 1111webUITests.xctest */ = {isa = PBXFileReference; explicitFileType = wrapper.cfbundle; includeInIndex = 0; path = 1111webUITests.xctest; sourceTree = BUILT_PRODUCTS_DIR; };
		36D15ED32C63464500B98453 /* _111webUITests.swift */ = {isa = PBXFileReference; lastKnownFileType = sourcecode.swift; path = _111webUITests.swift; sourceTree = "<group>"; };
		36D15ED52C63464500B98453 /* _111webUITestsLaunchTests.swift */ = {isa = PBXFileReference; lastKnownFileType = sourcecode.swift; path = _111webUITestsLaunchTests.swift; sourceTree = "<group>"; };
/* End PBXFileReference section */

/* Begin PBXFrameworksBuildPhase section */
		36D15EAC2C63464400B98453 /* Frameworks */ = {
			isa = PBXFrameworksBuildPhase;
			buildActionMask = 2147483647;
			files = (
			);
			runOnlyForDeploymentPostprocessing = 0;
		};
		36D15EC22C63464500B98453 /* Frameworks */ = {
			isa = PBXFrameworksBuildPhase;
			buildActionMask = 2147483647;
			files = (
			);
			runOnlyForDeploymentPostprocessing = 0;
		};
		36D15ECC2C63464500B98453 /* Frameworks */ = {
			isa = PBXFrameworksBuildPhase;
			buildActionMask = 2147483647;
			files = (
			);
			runOnlyForDeploymentPostprocessing = 0;
		};
/* End PBXFrameworksBuildPhase section */

/* Begin PBXGroup section */
		36D15EA62C63464400B98453 = {
			isa = PBXGroup;
			children = (
				36D15EB12C63464400B98453 /* 1111web */,
				36D15EC82C63464500B98453 /* 1111webTests */,
				36D15ED22C63464500B98453 /* 1111webUITests */,
				36D15EB02C63464400B98453 /* Products */,
			);
			sourceTree = "<group>";
		};
		36D15EB02C63464400B98453 /* Products */ = {
			isa = PBXGroup;
			children = (
				36D15EAF2C63464400B98453 /* 1111web.app */,
				36D15EC52C63464500B98453 /* 1111webTests.xctest */,
				36D15ECF2C63464500B98453 /* 1111webUITests.xctest */,
			);
			name = Products;
			sourceTree = "<group>";
		};
		36D15EB12C63464400B98453 /* 1111web */ = {
			isa = PBXGroup;
			children = (
				36D15EB22C63464400B98453 /* AppDelegate.swift */,
				36D15EB42C63464400B98453 /* SceneDelegate.swift */,
				36D15EB62C63464400B98453 /* ViewController.swift */,
				36D15EB82C63464400B98453 /* Main.storyboard */,
				36D15EBB2C63464500B98453 /* Assets.xcassets */,
				36D15EBD2C63464500B98453 /* LaunchScreen.storyboard */,
				36D15EC02C63464500B98453 /* Info.plist */,
			);
			path = 1111web;
			sourceTree = "<group>";
		};
		36D15EC82C63464500B98453 /* 1111webTests */ = {
			isa = PBXGroup;
			children = (
				36D15EC92C63464500B98453 /* _111webTests.swift */,
			);
			path = 1111webTests;
			sourceTree = "<group>";
		};
		36D15ED22C63464500B98453 /* 1111webUITests */ = {
			isa = PBXGroup;
			children = (
				36D15ED32C63464500B98453 /* _111webUITests.swift */,
				36D15ED52C63464500B98453 /* _111webUITestsLaunchTests.swift */,
			);
			path = 1111webUITests;
			sourceTree = "<group>";
		};
/* End PBXGroup section */

/* Begin PBXNativeTarget section */
		36D15EAE2C63464400B98453 /* 1111web */ = {
			isa = PBXNativeTarget;
			buildConfigurationList = 36D15ED92C63464500B98453 /* Build configuration list for PBXNativeTarget "1111web" */;
			buildPhases = (
				36D15EAB2C63464400B98453 /* Sources */,
				36D15EAC2C63464400B98453 /* Frameworks */,
				36D15EAD2C63464400B98453 /* Resources */,
			);
			buildRules = (
			);
			dependencies = (
			);
			name = 1111web;
			productName = 1111web;
			productReference = 36D15EAF2C63464400B98453 /* 1111web.app */;
			productType = "com.apple.product-type.application";
		};
		36D15EC42C63464500B98453 /* 1111webTests */ = {
			isa = PBXNativeTarget;
			buildConfigurationList = 36D15EDC2C63464500B98453 /* Build configuration list for PBXNativeTarget "1111webTests" */;
			buildPhases = (
				36D15EC12C63464500B98453 /* Sources */,
				36D15EC22C63464500B98453 /* Frameworks */,
				36D15EC32C63464500B98453 /* Resources */,
			);
			buildRules = (
			);
			dependencies = (
				36D15EC72C63464500B98453 /* PBXTargetDependency */,
			);
			name = 1111webTests;
			productName = 1111webTests;
			productReference = 36D15EC52C63464500B98453 /* 1111webTests.xctest */;
			productType = "com.apple.product-type.bundle.unit-test";
		};
		36D15ECE2C63464500B98453 /* 1111webUITests */ = {
			isa = PBXNativeTarget;
			buildConfigurationList = 36D15EDF2C63464500B98453 /* Build configuration list for PBXNativeTarget "1111webUITests" */;
			buildPhases = (
				36D15ECB2C63464500B98453 /* Sources */,
				36D15ECC2C63464500B98453 /* Frameworks */,
				36D15ECD2C63464500B98453 /* Resources */,
			);
			buildRules = (
			);
			dependencies = (
				36D15ED12C63464500B98453 /* PBXTargetDependency */,
			);
			name = 1111webUITests;
			productName = 1111webUITests;
			productReference = 36D15ECF2C63464500B98453 /* 1111webUITests.xctest */;
			productType = "com.apple.product-type.bundle.ui-testing";
		};
/* End PBXNativeTarget section */

/* Begin PBXProject section */
		36D15EA72C63464400B98453 /* Project object */ = {
			isa = PBXProject;
			attributes = {
				BuildIndependentTargetsInParallel = 1;
				LastSwiftUpdateCheck = 1540;
				LastUpgradeCheck = 1540;
				TargetAttributes = {
					36D15EAE2C63464400B98453 = {
						CreatedOnToolsVersion = 15.4;
					};
					36D15EC42C63464500B98453 = {
						CreatedOnToolsVersion = 15.4;
						TestTargetID = 36D15EAE2C63464400B98453;
					};
					36D15ECE2C63464500B98453 = {
						CreatedOnToolsVersion = 15.4;
						TestTargetID = 36D15EAE2C63464400B98453;
					};
				};
			};
			buildConfigurationList = 36D15EAA2C63464400B98453 /* Build configuration list for PBXProject "1111web" */;
			compatibilityVersion = "Xcode 14.0";
			developmentRegion = en;
			hasScannedForEncodings = 0;
			knownRegions = (
				en,
				Base,
			);
			mainGroup = 36D15EA62C63464400B98453;
			productRefGroup = 36D15EB02C63464400B98453 /* Products */;
			projectDirPath = "";
			projectRoot = "";
			targets = (
				36D15EAE2C63464400B98453 /* 1111web */,
				36D15EC42C63464500B98453 /* 1111webTests */,
				36D15ECE2C63464500B98453 /* 1111webUITests */,
			);
		};
/* End PBXProject section */

/* Begin PBXResourcesBuildPhase section */
		36D15EAD2C63464400B98453 /* Resources */ = {
			isa = PBXResourcesBuildPhase;
			buildActionMask = 2147483647;
			files = (
				36D15EBC2C63464500B98453 /* Assets.xcassets in Resources */,
				36D15EBF2C63464500B98453 /* Base in Resources */,
				36D15EBA2C63464400B98453 /* Base in Resources */,
			);
			runOnlyForDeploymentPostprocessing = 0;
		};
		36D15EC32C63464500B98453 /* Resources */ = {
			isa = PBXResourcesBuildPhase;
			buildActionMask = 2147483647;
			files = (
			);
			runOnlyForDeploymentPostprocessing = 0;
		};
		36D15ECD2C63464500B98453 /* Resources */ = {
			isa = PBXResourcesBuildPhase;
			buildActionMask = 2147483647;
			files = (
			);
			runOnlyForDeploymentPostprocessing = 0;
		};
/* End PBXResourcesBuildPhase section */

/* Begin PBXSourcesBuildPhase section */
		36D15EAB2C63464400B98453 /* Sources */ = {
			isa = PBXSourcesBuildPhase;
			buildActionMask = 2147483647;
			files = (
				36D15EB72C63464400B98453 /* ViewController.swift in Sources */,
				36D15EB32C63464400B98453 /* AppDelegate.swift in Sources */,
				36D15EB52C63464400B98453 /* SceneDelegate.swift in Sources */,
			);
			runOnlyForDeploymentPostprocessing = 0;
		};
		36D15EC12C63464500B98453 /* Sources */ = {
			isa = PBXSourcesBuildPhase;
			buildActionMask = 2147483647;
			files = (
				36D15ECA2C63464500B98453 /* _111webTests.swift in Sources */,
			);
			runOnlyForDeploymentPostprocessing = 0;
		};
		36D15ECB2C63464500B98453 /* Sources */ = {
			isa = PBXSourcesBuildPhase;
			buildActionMask = 2147483647;
			files = (
				36D15ED42C63464500B98453 /* _111webUITests.swift in Sources */,
				36D15ED62C63464500B98453 /* _111webUITestsLaunchTests.swift in Sources */,
			);
			runOnlyForDeploymentPostprocessing = 0;
		};
/* End PBXSourcesBuildPhase section */

/* Begin PBXTargetDependency section */
		36D15EC72C63464500B98453 /* PBXTargetDependency */ = {
			isa = PBXTargetDependency;
			target = 36D15EAE2C63464400B98453 /* 1111web */;
			targetProxy = 36D15EC62C63464500B98453 /* PBXContainerItemProxy */;
		};
		36D15ED12C63464500B98453 /* PBXTargetDependency */ = {
			isa = PBXTargetDependency;
			target = 36D15EAE2C63464400B98453 /* 1111web */;
			targetProxy = 36D15ED02C63464500B98453 /* PBXContainerItemProxy */;
		};
/* End PBXTargetDependency section */

/* Begin PBXVariantGroup section */
		36D15EB82C63464400B98453 /* Main.storyboard */ = {
			isa = PBXVariantGroup;
			children = (
				36D15EB92C63464400B98453 /* Base */,
			);
			name = Main.storyboard;
			sourceTree = "<group>";
		};
		36D15EBD2C63464500B98453 /* LaunchScreen.storyboard */ = {
			isa = PBXVariantGroup;
			children = (
				36D15EBE2C63464500B98453 /* Base */,
			);
			name = LaunchScreen.storyboard;
			sourceTree = "<group>";
		};
/* End PBXVariantGroup section */

/* Begin XCBuildConfiguration section */
		36D15ED72C63464500B98453 /* Debug */ = {
			isa = XCBuildConfiguration;
			buildSettings = {
				ALWAYS_SEARCH_USER_PATHS = NO;
				ASSETCATALOG_COMPILER_GENERATE_SWIFT_ASSET_SYMBOL_EXTENSIONS = YES;
				CLANG_ANALYZER_NONNULL = YES;
				CLANG_ANALYZER_NUMBER_OBJECT_CONVERSION = YES_AGGRESSIVE;
				CLANG_CXX_LANGUAGE_STANDARD = "gnu++20";
				CLANG_ENABLE_MODULES = YES;
				CLANG_ENABLE_OBJC_ARC = YES;
				CLANG_ENABLE_OBJC_WEAK = YES;
				CLANG_WARN_BLOCK_CAPTURE_AUTORELEASING = YES;
				CLANG_WARN_BOOL_CONVERSION = YES;
				CLANG_WARN_COMMA = YES;
				CLANG_WARN_CONSTANT_CONVERSION = YES;
				CLANG_WARN_DEPRECATED_OBJC_IMPLEMENTATIONS = YES;
				CLANG_WARN_DIRECT_OBJC_ISA_USAGE = YES_ERROR;
				CLANG_WARN_DOCUMENTATION_COMMENTS = YES;
				CLANG_WARN_EMPTY_BODY = YES;
				CLANG_WARN_ENUM_CONVERSION = YES;
				CLANG_WARN_INFINITE_RECURSION = YES;
				CLANG_WARN_INT_CONVERSION = YES;
				CLANG_WARN_NON_LITERAL_NULL_CONVERSION = YES;
				CLANG_WARN_OBJC_IMPLICIT_RETAIN_SELF = YES;
				CLANG_WARN_OBJC_LITERAL_CONVERSION = YES;
				CLANG_WARN_OBJC_ROOT_CLASS = YES_ERROR;
				CLANG_WARN_QUOTED_INCLUDE_IN_FRAMEWORK_HEADER = YES;
				CLANG_WARN_RANGE_LOOP_ANALYSIS = YES;
				CLANG_WARN_STRICT_PROTOTYPES = YES;
				CLANG_WARN_SUSPICIOUS_MOVE = YES;
				CLANG_WARN_UNGUARDED_AVAILABILITY = YES_AGGRESSIVE;
				CLANG_WARN_UNREACHABLE_CODE = YES;
				CLANG_WARN__DUPLICATE_METHOD_MATCH = YES;
				COPY_PHASE_STRIP = NO;
				DEBUG_INFORMATION_FORMAT = dwarf;
				ENABLE_STRICT_OBJC_MSGSEND = YES;
				ENABLE_TESTABILITY = YES;
				ENABLE_USER_SCRIPT_SANDBOXING = YES;
				GCC_C_LANGUAGE_STANDARD = gnu17;
				GCC_DYNAMIC_NO_PIC = NO;
				GCC_NO_COMMON_BLOCKS = YES;
				GCC_OPTIMIZATION_LEVEL = 0;
				GCC_PREPROCESSOR_DEFINITIONS = (
					"DEBUG=1",
					"$(inherited)",
				);
				GCC_WARN_64_TO_32_BIT_CONVERSION = YES;
				GCC_WARN_ABOUT_RETURN_TYPE = YES_ERROR;
				GCC_WARN_UNDECLARED_SELECTOR = YES;
				GCC_WARN_UNINITIALIZED_AUTOS = YES_AGGRESSIVE;
				GCC_WARN_UNUSED_FUNCTION = YES;
				GCC_WARN_UNUSED_VARIABLE = YES;
				IPHONEOS_DEPLOYMENT_TARGET = 17.5;
				LOCALIZATION_PREFERS_STRING_CATALOGS = YES;
				MTL_ENABLE_DEBUG_INFO = INCLUDE_SOURCE;
				MTL_FAST_MATH = YES;
				ONLY_ACTIVE_ARCH = YES;
				SDKROOT = iphoneos;
				SWIFT_ACTIVE_COMPILATION_CONDITIONS = "DEBUG $(inherited)";
				SWIFT_OPTIMIZATION_LEVEL = "-Onone";
			};
			name = Debug;
		};
		36D15ED82C63464500B98453 /* Release */ = {
			isa = XCBuildConfiguration;
			buildSettings = {
				ALWAYS_SEARCH_USER_PATHS = NO;
				ASSETCATALOG_COMPILER_GENERATE_SWIFT_ASSET_SYMBOL_EXTENSIONS = YES;
				CLANG_ANALYZER_NONNULL = YES;
				CLANG_ANALYZER_NUMBER_OBJECT_CONVERSION = YES_AGGRESSIVE;
				CLANG_CXX_LANGUAGE_STANDARD = "gnu++20";
				CLANG_ENABLE_MODULES = YES;
				CLANG_ENABLE_OBJC_ARC = YES;
				CLANG_ENABLE_OBJC_WEAK = YES;
				CLANG_WARN_BLOCK_CAPTURE_AUTORELEASING = YES;
				CLANG_WARN_BOOL_CONVERSION = YES;
				CLANG_WARN_COMMA = YES;
				CLANG_WARN_CONSTANT_CONVERSION = YES;
				CLANG_WARN_DEPRECATED_OBJC_IMPLEMENTATIONS = YES;
				CLANG_WARN_DIRECT_OBJC_ISA_USAGE = YES_ERROR;
				CLANG_WARN_DOCUMENTATION_COMMENTS = YES;
				CLANG_WARN_EMPTY_BODY = YES;
				CLANG_WARN_ENUM_CONVERSION = YES;
				CLANG_WARN_INFINITE_RECURSION = YES;
				CLANG_WARN_INT_CONVERSION = YES;
				CLANG_WARN_NON_LITERAL_NULL_CONVERSION = YES;
				CLANG_WARN_OBJC_IMPLICIT_RETAIN_SELF = YES;
				CLANG_WARN_OBJC_LITERAL_CONVERSION = YES;
				CLANG_WARN_OBJC_ROOT_CLASS = YES_ERROR;
				CLANG_WARN_QUOTED_INCLUDE_IN_FRAMEWORK_HEADER = YES;
				CLANG_WARN_RANGE_LOOP_ANALYSIS = YES;
				CLANG_WARN_STRICT_PROTOTYPES = YES;
				CLANG_WARN_SUSPICIOUS_MOVE = YES;
				CLANG_WARN_UNGUARDED_AVAILABILITY = YES_AGGRESSIVE;
				CLANG_WARN_UNREACHABLE_CODE = YES;
				CLANG_WARN__DUPLICATE_METHOD_MATCH = YES;
				COPY_PHASE_STRIP = NO;
				DEBUG_INFORMATION_FORMAT = "dwarf-with-dsym";
				ENABLE_NS_ASSERTIONS = NO;
				ENABLE_STRICT_OBJC_MSGSEND = YES;
				ENABLE_USER_SCRIPT_SANDBOXING = YES;
				GCC_C_LANGUAGE_STANDARD = gnu17;
				GCC_NO_COMMON_BLOCKS = YES;
				GCC_WARN_64_TO_32_BIT_CONVERSION = YES;
				GCC_WARN_ABOUT_RETURN_TYPE = YES_ERROR;
				GCC_WARN_UNDECLARED_SELECTOR = YES;
				GCC_WARN_UNINITIALIZED_AUTOS = YES_AGGRESSIVE;
				GCC_WARN_UNUSED_FUNCTION = YES;
				GCC_WARN_UNUSED_VARIABLE = YES;
				IPHONEOS_DEPLOYMENT_TARGET = 17.5;
				LOCALIZATION_PREFERS_STRING_CATALOGS = YES;
				MTL_ENABLE_DEBUG_INFO = NO;
				MTL_FAST_MATH = YES;
				SDKROOT = iphoneos;
				SWIFT_COMPILATION_MODE = wholemodule;
				VALIDATE_PRODUCT = YES;
			};
			name = Release;
		};
		36D15EDA2C63464500B98453 /* Debug */ = {
			isa = XCBuildConfiguration;
			buildSettings = {
				ASSETCATALOG_COMPILER_APPICON_NAME = AppIcon;
				ASSETCATALOG_COMPILER_GLOBAL_ACCENT_COLOR_NAME = AccentColor;
				CODE_SIGN_STYLE = Automatic;
				CURRENT_PROJECT_VERSION = 1;
				DEVELOPMENT_TEAM = 6GH2ZWT255;
				GENERATE_INFOPLIST_FILE = YES;
				INFOPLIST_FILE = 1111web/Info.plist;
				INFOPLIST_KEY_UIApplicationSupportsIndirectInputEvents = YES;
				INFOPLIST_KEY_UILaunchStoryboardName = LaunchScreen;
				INFOPLIST_KEY_UIMainStoryboardFile = Main;
				INFOPLIST_KEY_UISupportedInterfaceOrientations_iPad = "UIInterfaceOrientationPortrait UIInterfaceOrientationPortraitUpsideDown UIInterfaceOrientationLandscapeLeft UIInterfaceOrientationLandscapeRight";
				INFOPLIST_KEY_UISupportedInterfaceOrientations_iPhone = "UIInterfaceOrientationPortrait UIInterfaceOrientationLandscapeLeft UIInterfaceOrientationLandscapeRight";
				LD_RUNPATH_SEARCH_PATHS = (
					"$(inherited)",
					"@executable_path/Frameworks",
				);
				MARKETING_VERSION = 1.0;
				PRODUCT_BUNDLE_IDENTIFIER = "GlobalChineseInternational.-111web";
				PRODUCT_NAME = "$(TARGET_NAME)";
				SWIFT_EMIT_LOC_STRINGS = YES;
				SWIFT_VERSION = 5.0;
				TARGETED_DEVICE_FAMILY = "1,2";
			};
			name = Debug;
		};
		36D15EDB2C63464500B98453 /* Release */ = {
			isa = XCBuildConfiguration;
			buildSettings = {
				ASSETCATALOG_COMPILER_APPICON_NAME = AppIcon;
				ASSETCATALOG_COMPILER_GLOBAL_ACCENT_COLOR_NAME = AccentColor;
				CODE_SIGN_STYLE = Automatic;
				CURRENT_PROJECT_VERSION = 1;
				DEVELOPMENT_TEAM = 6GH2ZWT255;
				GENERATE_INFOPLIST_FILE = YES;
				INFOPLIST_FILE = 1111web/Info.plist;
				INFOPLIST_KEY_UIApplicationSupportsIndirectInputEvents = YES;
				INFOPLIST_KEY_UILaunchStoryboardName = LaunchScreen;
				INFOPLIST_KEY_UIMainStoryboardFile = Main;
				INFOPLIST_KEY_UISupportedInterfaceOrientations_iPad = "UIInterfaceOrientationPortrait UIInterfaceOrientationPortraitUpsideDown UIInterfaceOrientationLandscapeLeft UIInterfaceOrientationLandscapeRight";
				INFOPLIST_KEY_UISupportedInterfaceOrientations_iPhone = "UIInterfaceOrientationPortrait UIInterfaceOrientationLandscapeLeft UIInterfaceOrientationLandscapeRight";
				LD_RUNPATH_SEARCH_PATHS = (
					"$(inherited)",
					"@executable_path/Frameworks",
				);
				MARKETING_VERSION = 1.0;
				PRODUCT_BUNDLE_IDENTIFIER = "GlobalChineseInternational.-111web";
				PRODUCT_NAME = "$(TARGET_NAME)";
				SWIFT_EMIT_LOC_STRINGS = YES;
				SWIFT_VERSION = 5.0;
				TARGETED_DEVICE_FAMILY = "1,2";
			};
			name = Release;
		};
		36D15EDD2C63464500B98453 /* Debug */ = {
			isa = XCBuildConfiguration;
			buildSettings = {
				ALWAYS_EMBED_SWIFT_STANDARD_LIBRARIES = YES;
				BUNDLE_LOADER = "$(TEST_HOST)";
				CODE_SIGN_STYLE = Automatic;
				CURRENT_PROJECT_VERSION = 1;
				DEVELOPMENT_TEAM = 6GH2ZWT255;
				GENERATE_INFOPLIST_FILE = YES;
				IPHONEOS_DEPLOYMENT_TARGET = 17.5;
				MARKETING_VERSION = 1.0;
				PRODUCT_BUNDLE_IDENTIFIER = "GlobalChineseInternational.-111webTests";
				PRODUCT_NAME = "$(TARGET_NAME)";
				SWIFT_EMIT_LOC_STRINGS = NO;
				SWIFT_VERSION = 5.0;
				TARGETED_DEVICE_FAMILY = "1,2";
				TEST_HOST = "$(BUILT_PRODUCTS_DIR)/1111web.app/$(BUNDLE_EXECUTABLE_FOLDER_PATH)/1111web";
			};
			name = Debug;
		};
		36D15EDE2C63464500B98453 /* Release */ = {
			isa = XCBuildConfiguration;
			buildSettings = {
				ALWAYS_EMBED_SWIFT_STANDARD_LIBRARIES = YES;
				BUNDLE_LOADER = "$(TEST_HOST)";
				CODE_SIGN_STYLE = Automatic;
				CURRENT_PROJECT_VERSION = 1;
				DEVELOPMENT_TEAM = 6GH2ZWT255;
				GENERATE_INFOPLIST_FILE = YES;
				IPHONEOS_DEPLOYMENT_TARGET = 17.5;
				MARKETING_VERSION = 1.0;
				PRODUCT_BUNDLE_IDENTIFIER = "GlobalChineseInternational.-111webTests";
				PRODUCT_NAME = "$(TARGET_NAME)";
				SWIFT_EMIT_LOC_STRINGS = NO;
				SWIFT_VERSION = 5.0;
				TARGETED_DEVICE_FAMILY = "1,2";
				TEST_HOST = "$(BUILT_PRODUCTS_DIR)/1111web.app/$(BUNDLE_EXECUTABLE_FOLDER_PATH)/1111web";
			};
			name = Release;
		};
		36D15EE02C63464500B98453 /* Debug */ = {
			isa = XCBuildConfiguration;
			buildSettings = {
				ALWAYS_EMBED_SWIFT_STANDARD_LIBRARIES = YES;
				CODE_SIGN_STYLE = Automatic;
				CURRENT_PROJECT_VERSION = 1;
				DEVELOPMENT_TEAM = 6GH2ZWT255;
				GENERATE_INFOPLIST_FILE = YES;
				MARKETING_VERSION = 1.0;
				PRODUCT_BUNDLE_IDENTIFIER = "GlobalChineseInternational.-111webUITests";
				PRODUCT_NAME = "$(TARGET_NAME)";
				SWIFT_EMIT_LOC_STRINGS = NO;
				SWIFT_VERSION = 5.0;
				TARGETED_DEVICE_FAMILY = "1,2";
				TEST_TARGET_NAME = 1111web;
			};
			name = Debug;
		};
		36D15EE12C63464500B98453 /* Release */ = {
			isa = XCBuildConfiguration;
			buildSettings = {
				ALWAYS_EMBED_SWIFT_STANDARD_LIBRARIES = YES;
				CODE_SIGN_STYLE = Automatic;
				CURRENT_PROJECT_VERSION = 1;
				DEVELOPMENT_TEAM = 6GH2ZWT255;
				GENERATE_INFOPLIST_FILE = YES;
				MARKETING_VERSION = 1.0;
				PRODUCT_BUNDLE_IDENTIFIER = "GlobalChineseInternational.-111webUITests";
				PRODUCT_NAME = "$(TARGET_NAME)";
				SWIFT_EMIT_LOC_STRINGS = NO;
				SWIFT_VERSION = 5.0;
				TARGETED_DEVICE_FAMILY = "1,2";
				TEST_TARGET_NAME = 1111web;
			};
			name = Release;
		};
/* End XCBuildConfiguration section */

/* Begin XCConfigurationList section */
		36D15EAA2C63464400B98453 /* Build configuration list for PBXProject "1111web" */ = {
			isa = XCConfigurationList;
			buildConfigurations = (
				36D15ED72C63464500B98453 /* Debug */,
				36D15ED82C63464500B98453 /* Release */,
			);
			defaultConfigurationIsVisible = 0;
			defaultConfigurationName = Release;
		};
		36D15ED92C63464500B98453 /* Build configuration list for PBXNativeTarget "1111web" */ = {
			isa = XCConfigurationList;
			buildConfigurations = (
				36D15EDA2C63464500B98453 /* Debug */,
				36D15EDB2C63464500B98453 /* Release */,
			);
			defaultConfigurationIsVisible = 0;
			defaultConfigurationName = Release;
		};
		36D15EDC2C63464500B98453 /* Build configuration list for PBXNativeTarget "1111webTests" */ = {
			isa = XCConfigurationList;
			buildConfigurations = (
				36D15EDD2C63464500B98453 /* Debug */,
				36D15EDE2C63464500B98453 /* Release */,
			);
			defaultConfigurationIsVisible = 0;
			defaultConfigurationName = Release;
		};
		36D15EDF2C63464500B98453 /* Build configuration list for PBXNativeTarget "1111webUITests" */ = {
			isa = XCConfigurationList;
			buildConfigurations = (
				36D15EE02C63464500B98453 /* Debug */,
				36D15EE12C63464500B98453 /* Release */,
			);
			defaultConfigurationIsVisible = 0;
			defaultConfigurationName = Release;
		};
/* End XCConfigurationList section */
	};
	rootObject = 36D15EA72C63464400B98453 /* Project object */;
}
